
Microsoft Visual Studio Solution File, Format Version 12.00
# Visual Studio Version 17
VisualStudioVersion = 17.0.31903.59
MinimumVisualStudioVersion = 10.0.40219.1
Project("{FAE04EC0-301F-11D3-BF4B-00C04F79EFBC}") = "SistemaDeGestionDeEquipos.web", "SistemaDeGestionDeEquipos.web\SistemaDeGestionDeEquipos.web.csproj", "{6C994C7D-A4D7-45B9-AC88-FB3185A6C214}"
EndProject
Project("{FAE04EC0-301F-11D3-BF4B-00C04F79EFBC}") = "SistemaDeGestionDeEquipos.datos", "SistemaDeGestionDeEquipos.datos\SistemaDeGestionDeEquipos.datos.csproj", "{519E3CEE-5A47-4C7F-ADEE-91A489BF1DFB}"
EndProject
Project("{FAE04EC0-301F-11D3-BF4B-00C04F79EFBC}") = "SistemaDeGestionDeEquipos.logica", "SistemaDeGestionDeEquipos.logica\SistemaDeGestionDeEquipos.logica.csproj", "{DA3AC5C7-ED0A-40A5-9249-7704234FB447}"
EndProject
Global
	GlobalSection(SolutionConfigurationPlatforms) = preSolution
		Debug|Any CPU = Debug|Any CPU
		Release|Any CPU = Release|Any CPU
	EndGlobalSection
	GlobalSection(SolutionProperties) = preSolution
		HideSolutionNode = FALSE
	EndGlobalSection
	GlobalSection(ProjectConfigurationPlatforms) = postSolution
		{6C994C7D-A4D7-45B9-AC88-FB3185A6C214}.Debug|Any CPU.ActiveCfg = Debug|Any CPU
		{6C994C7D-A4D7-45B9-AC88-FB3185A6C214}.Debug|Any CPU.Build.0 = Debug|Any CPU
		{6C994C7D-A4D7-45B9-AC88-FB3185A6C214}.Release|Any CPU.ActiveCfg = Release|Any CPU
		{6C994C7D-A4D7-45B9-AC88-FB3185A6C214}.Release|Any CPU.Build.0 = Release|Any CPU
		{519E3CEE-5A47-4C7F-ADEE-91A489BF1DFB}.Debug|Any CPU.ActiveCfg = Debug|Any CPU
		{519E3CEE-5A47-4C7F-ADEE-91A489BF1DFB}.Debug|Any CPU.Build.0 = Debug|Any CPU
		{519E3CEE-5A47-4C7F-ADEE-91A489BF1DFB}.Release|Any CPU.ActiveCfg = Release|Any CPU
		{519E3CEE-5A47-4C7F-ADEE-91A489BF1DFB}.Release|Any CPU.Build.0 = Release|Any CPU
		{DA3AC5C7-ED0A-40A5-9249-7704234FB447}.Debug|Any CPU.ActiveCfg = Debug|Any CPU
		{DA3AC5C7-ED0A-40A5-9249-7704234FB447}.Debug|Any CPU.Build.0 = Debug|Any CPU
		{DA3AC5C7-ED0A-40A5-9249-7704234FB447}.Release|Any CPU.ActiveCfg = Release|Any CPU
		{DA3AC5C7-ED0A-40A5-9249-7704234FB447}.Release|Any CPU.Build.0 = Release|Any CPU
	EndGlobalSection
EndGlobal
